
Microsoft Visual Studio Solution File, Format Version 12.00
# Visual Studio 2013
Project("{8BC9CEB8-8B4A-11D0-8D11-00A0C91BC942}") = "VIVE_Connector", "Intermediate\ProjectFiles\VIVE_Connector.vcxproj", "{E7A13D4F-3E54-4749-8DF7-D44660337B4C}"
	ProjectSection(ProjectDependencies) = postProject
	EndProjectSection
EndProject
Global
	GlobalSection(SolutionConfigurationPlatforms) = preSolution
		DebugGame Editor|Windows = DebugGame Editor|Windows
		DebugGame|Windows = DebugGame|Windows
		Development Editor|Windows = Development Editor|Windows
		Development|Windows = Development|Windows
		Shipping|Windows = Shipping|Windows
	EndGlobalSection
	GlobalSection(ProjectConfigurationPlatforms) = postSolution
		{E7A13D4F-3E54-4749-8DF7-D44660337B4C}.DebugGame Editor|Windows.ActiveCfg = DebugGame_Editor|x64
		{E7A13D4F-3E54-4749-8DF7-D44660337B4C}.DebugGame Editor|Windows.Build.0 = DebugGame_Editor|x64
		{E7A13D4F-3E54-4749-8DF7-D44660337B4C}.DebugGame|Windows.ActiveCfg = DebugGame_RocketGame|x64
		{E7A13D4F-3E54-4749-8DF7-D44660337B4C}.DebugGame|Windows.Build.0 = DebugGame_RocketGame|x64
		{E7A13D4F-3E54-4749-8DF7-D44660337B4C}.Development Editor|Windows.ActiveCfg = Development_Editor|x64
		{E7A13D4F-3E54-4749-8DF7-D44660337B4C}.Development Editor|Windows.Build.0 = Development_Editor|x64
		{E7A13D4F-3E54-4749-8DF7-D44660337B4C}.Development|Windows.ActiveCfg = Development_RocketGame|x64
		{E7A13D4F-3E54-4749-8DF7-D44660337B4C}.Development|Windows.Build.0 = Development_RocketGame|x64
		{E7A13D4F-3E54-4749-8DF7-D44660337B4C}.Shipping|Windows.ActiveCfg = Shipping_RocketGame|Win32
		{E7A13D4F-3E54-4749-8DF7-D44660337B4C}.Shipping|Windows.Build.0 = Shipping_RocketGame|Win32
	EndGlobalSection
	GlobalSection(SolutionProperties) = preSolution
		HideSolutionNode = FALSE
	EndGlobalSection
	GlobalSection(NestedProjects) = preSolution
	EndGlobalSection
EndGlobal
